
Microsoft Visual Studio Solution File, Format Version 12.00
# Visual Studio Version 17
VisualStudioVersion = 17.7.34031.279
MinimumVisualStudioVersion = 10.0.40219.1
Project("{FAE04EC0-301F-11D3-BF4B-00C04F79EFBC}") = "GlowingTemplate", "GlowingTemplate\GlowingTemplate.csproj", "{09D759EB-C7A9-49F3-8D20-FA3AC226749D}"
EndProject
Global
	GlobalSection(SolutionConfigurationPlatforms) = preSolution
		Debug|Any CPU = Debug|Any CPU
		Release|Any CPU = Release|Any CPU
	EndGlobalSection
	GlobalSection(ProjectConfigurationPlatforms) = postSolution
		{09D759EB-C7A9-49F3-8D20-FA3AC226749D}.Debug|Any CPU.ActiveCfg = Debug|Any CPU
		{09D759EB-C7A9-49F3-8D20-FA3AC226749D}.Debug|Any CPU.Build.0 = Debug|Any CPU
		{09D759EB-C7A9-49F3-8D20-FA3AC226749D}.Release|Any CPU.ActiveCfg = Release|Any CPU
		{09D759EB-C7A9-49F3-8D20-FA3AC226749D}.Release|Any CPU.Build.0 = Release|Any CPU
	EndGlobalSection
	GlobalSection(SolutionProperties) = preSolution
		HideSolutionNode = FALSE
	EndGlobalSection
	GlobalSection(ExtensibilityGlobals) = postSolution
		SolutionGuid = {8B3980CD-4F84-47AA-9B8F-9E378E52CE39}
	EndGlobalSection
EndGlobal
